
Microsoft Visual Studio Solution File, Format Version 12.00
# Visual Studio Version 17
VisualStudioVersion = 17.1.32414.318
MinimumVisualStudioVersion = 10.0.40219.1
Project("{9A19103F-16F7-4668-BE54-9A1E7A4F7556}") = "BusinessLayer", "BusinessLayer\BusinessLayer.csproj", "{1F8B60C5-6D97-4FBC-892F-5ABBCB143E5B}"
EndProject
Project("{9A19103F-16F7-4668-BE54-9A1E7A4F7556}") = "DataLayer", "DataLayer\DataLayer.csproj", "{39C1FE61-4550-4F0E-821E-D00AA6E10DF5}"
EndProject
Project("{2150E333-8FDC-42A3-9474-1A3956D46DE8}") = "Solution Items", "Solution Items", "{3C98E1EA-871C-41DC-B853-DCB04409A742}"
	ProjectSection(SolutionItems) = preProject
		.editorconfig = .editorconfig
	EndProjectSection
EndProject
Project("{FAE04EC0-301F-11D3-BF4B-00C04F79EFBC}") = "ServiceLayer", "ServiceLayer\ServiceLayer.csproj", "{0CAB430B-75F1-48AA-B579-C2FA22CD7F29}"
EndProject
Global
	GlobalSection(SolutionConfigurationPlatforms) = preSolution
		Debug|Any CPU = Debug|Any CPU
		Release|Any CPU = Release|Any CPU
	EndGlobalSection
	GlobalSection(ProjectConfigurationPlatforms) = postSolution
		{1F8B60C5-6D97-4FBC-892F-5ABBCB143E5B}.Debug|Any CPU.ActiveCfg = Debug|Any CPU
		{1F8B60C5-6D97-4FBC-892F-5ABBCB143E5B}.Debug|Any CPU.Build.0 = Debug|Any CPU
		{1F8B60C5-6D97-4FBC-892F-5ABBCB143E5B}.Release|Any CPU.ActiveCfg = Release|Any CPU
		{1F8B60C5-6D97-4FBC-892F-5ABBCB143E5B}.Release|Any CPU.Build.0 = Release|Any CPU
		{39C1FE61-4550-4F0E-821E-D00AA6E10DF5}.Debug|Any CPU.ActiveCfg = Debug|Any CPU
		{39C1FE61-4550-4F0E-821E-D00AA6E10DF5}.Debug|Any CPU.Build.0 = Debug|Any CPU
		{39C1FE61-4550-4F0E-821E-D00AA6E10DF5}.Release|Any CPU.ActiveCfg = Release|Any CPU
		{39C1FE61-4550-4F0E-821E-D00AA6E10DF5}.Release|Any CPU.Build.0 = Release|Any CPU
		{0CAB430B-75F1-48AA-B579-C2FA22CD7F29}.Debug|Any CPU.ActiveCfg = Debug|Any CPU
		{0CAB430B-75F1-48AA-B579-C2FA22CD7F29}.Debug|Any CPU.Build.0 = Debug|Any CPU
		{0CAB430B-75F1-48AA-B579-C2FA22CD7F29}.Release|Any CPU.ActiveCfg = Release|Any CPU
		{0CAB430B-75F1-48AA-B579-C2FA22CD7F29}.Release|Any CPU.Build.0 = Release|Any CPU
	EndGlobalSection
	GlobalSection(SolutionProperties) = preSolution
		HideSolutionNode = FALSE
	EndGlobalSection
	GlobalSection(ExtensibilityGlobals) = postSolution
		SolutionGuid = {22F692D9-635B-45AE-ACCD-774537850582}
	EndGlobalSection
EndGlobal
